{
    "version": 3,
    "terraform_version": "0.11.13",
    "serial": 2,
    "lineage": "b3fe7239-4ec9-bb8a-90de-3e10c5d04f4d",
    "modules": [
        {
            "path": [
                "root"
            ],
            "outputs": {},
            "resources": {
                "aws_elb.lb-vr2": {
                    "type": "aws_elb",
                    "depends_on": [],
                    "primary": {
                        "id": "lb-vr2",
                        "attributes": {
                            "access_logs.#": "0",
                            "arn": "arn:aws:elasticloadbalancing:us-east-1:388715882596:loadbalancer/lb-vr2",
                            "availability_zones.#": "1",
                            "availability_zones.986537655": "us-east-1c",
                            "connection_draining": "true",
                            "connection_draining_timeout": "300",
                            "cross_zone_load_balancing": "true",
                            "dns_name": "lb-vr2-610110315.us-east-1.elb.amazonaws.com",
                            "health_check.#": "1",
                            "health_check.0.healthy_threshold": "10",
                            "health_check.0.interval": "30",
                            "health_check.0.target": "TCP:22",
                            "health_check.0.timeout": "5",
                            "health_check.0.unhealthy_threshold": "2",
                            "id": "lb-vr2",
                            "idle_timeout": "120",
                            "instances.#": "1",
                            "instances.3468785130": "i-079d56d35e67507b5",
                            "internal": "false",
                            "listener.#": "2",
                            "listener.3533566637.instance_port": "3000",
                            "listener.3533566637.instance_protocol": "http",
                            "listener.3533566637.lb_port": "3333",
                            "listener.3533566637.lb_protocol": "http",
                            "listener.3533566637.ssl_certificate_id": "",
                            "listener.885527535.instance_port": "22",
                            "listener.885527535.instance_protocol": "tcp",
                            "listener.885527535.lb_port": "2222",
                            "listener.885527535.lb_protocol": "tcp",
                            "listener.885527535.ssl_certificate_id": "",
                            "name": "lb-vr2",
                            "security_groups.#": "1",
                            "security_groups.3582570443": "sg-04515b43",
                            "source_security_group": "388715882596/default",
                            "source_security_group_id": "sg-04515b43",
                            "subnets.#": "1",
                            "subnets.3610576310": "subnet-e696edc8",
                            "tags.%": "0",
                            "zone_id": "Z35SXDOTRQ7X7K"
                        },
                        "meta": {},
                        "tainted": false
                    },
                    "deposed": [],
                    "provider": "provider.aws"
                }
            },
            "depends_on": []
        }
    ]
}
